
Microsoft Visual Studio Solution File, Format Version 12.00
# Visual Studio Version 17
VisualStudioVersion = 17.1.32228.430
MinimumVisualStudioVersion = 10.0.40219.1
Project("{9A19103F-16F7-4668-BE54-9A1E7A4F7556}") = "TheradexPortal", "TheradexPortal.csproj", "{D2DF8450-3B2F-4D52-90C6-8AFF6DC16C35}"
EndProject
Project("{2150E333-8FDC-42A3-9474-1A3956D46DE8}") = "Solution Items", "Solution Items", "{3ED4CB29-038B-4E00-84F4-F53FEF202BFD}"
EndProject
Global
	GlobalSection(SolutionConfigurationPlatforms) = preSolution
		Debug|Any CPU = Debug|Any CPU
		Release|Any CPU = Release|Any CPU
	EndGlobalSection
	GlobalSection(ProjectConfigurationPlatforms) = postSolution
		{D2DF8450-3B2F-4D52-90C6-8AFF6DC16C35}.Debug|Any CPU.ActiveCfg = Debug|Any CPU
		{D2DF8450-3B2F-4D52-90C6-8AFF6DC16C35}.Debug|Any CPU.Build.0 = Debug|Any CPU
		{D2DF8450-3B2F-4D52-90C6-8AFF6DC16C35}.Release|Any CPU.ActiveCfg = Release|Any CPU
		{D2DF8450-3B2F-4D52-90C6-8AFF6DC16C35}.Release|Any CPU.Build.0 = Release|Any CPU
	EndGlobalSection
	GlobalSection(SolutionProperties) = preSolution
		HideSolutionNode = FALSE
	EndGlobalSection
	GlobalSection(ExtensibilityGlobals) = postSolution
		SolutionGuid = {B299B9FE-94BD-49C9-81B1-CEB0529D4136}
	EndGlobalSection
EndGlobal
